
Microsoft Visual Studio Solution File, Format Version 12.00
# Visual Studio Version 17
VisualStudioVersion = 17.0.32014.148
MinimumVisualStudioVersion = 10.0.40219.1
Project("{FAE04EC0-301F-11D3-BF4B-00C04F79EFBC}") = "FuelManagerGraphQL", "FuelManagerGraphQL\FuelManagerGraphQL.csproj", "{ADD3D792-07B4-491A-BAAF-B5EB33D55B14}"
EndProject
Global
	GlobalSection(SolutionConfigurationPlatforms) = preSolution
		Debug|Any CPU = Debug|Any CPU
		Release|Any CPU = Release|Any CPU
	EndGlobalSection
	GlobalSection(ProjectConfigurationPlatforms) = postSolution
		{ADD3D792-07B4-491A-BAAF-B5EB33D55B14}.Debug|Any CPU.ActiveCfg = Debug|Any CPU
		{ADD3D792-07B4-491A-BAAF-B5EB33D55B14}.Debug|Any CPU.Build.0 = Debug|Any CPU
		{ADD3D792-07B4-491A-BAAF-B5EB33D55B14}.Release|Any CPU.ActiveCfg = Release|Any CPU
		{ADD3D792-07B4-491A-BAAF-B5EB33D55B14}.Release|Any CPU.Build.0 = Release|Any CPU
	EndGlobalSection
	GlobalSection(SolutionProperties) = preSolution
		HideSolutionNode = FALSE
	EndGlobalSection
	GlobalSection(ExtensibilityGlobals) = postSolution
		SolutionGuid = {A4DD905D-3C76-4832-95EB-16C036C8747F}
	EndGlobalSection
EndGlobal
